
Microsoft Visual Studio Solution File, Format Version 12.00
# Visual Studio Version 16
VisualStudioVersion = 16.0.30621.155
MinimumVisualStudioVersion = 10.0.40219.1
Project("{FAE04EC0-301F-11D3-BF4B-00C04F79EFBC}") = "K30Co2Measure", "K30Co2Measure.csproj", "{C1491380-A2BE-4A35-81B3-D8B280293ECE}"
EndProject
Global
	GlobalSection(SolutionConfigurationPlatforms) = preSolution
		Debug|Any CPU = Debug|Any CPU
		Release|Any CPU = Release|Any CPU
	EndGlobalSection
	GlobalSection(ProjectConfigurationPlatforms) = postSolution
		{C1491380-A2BE-4A35-81B3-D8B280293ECE}.Debug|Any CPU.ActiveCfg = Debug|Any CPU
		{C1491380-A2BE-4A35-81B3-D8B280293ECE}.Debug|Any CPU.Build.0 = Debug|Any CPU
		{C1491380-A2BE-4A35-81B3-D8B280293ECE}.Release|Any CPU.ActiveCfg = Release|Any CPU
		{C1491380-A2BE-4A35-81B3-D8B280293ECE}.Release|Any CPU.Build.0 = Release|Any CPU
	EndGlobalSection
	GlobalSection(SolutionProperties) = preSolution
		HideSolutionNode = FALSE
	EndGlobalSection
	GlobalSection(ExtensibilityGlobals) = postSolution
		SolutionGuid = {E570D863-0C1A-4AB4-8256-80F6C19C2D32}
	EndGlobalSection
EndGlobal
